{
  "version": 4,
  "terraform_version": "1.3.6",
  "serial": 3,
  "lineage": "c39ab2eb-6ad3-2a00-91b8-9844511f7476",
  "outputs": {},
  "resources": [
    {
      "mode": "managed",
      "type": "azurerm_resource_group",
      "name": "statement1",
      "provider": "provider[\"registry.terraform.io/hashicorp/azurerm\"]",
      "instances": [
        {
          "schema_version": 0,
          "attributes": {
            "id": "/subscriptions/8116c868-e802-4578-aa29-a800eba2f536/resourceGroups/fslstatement",
            "location": "westeurope",
            "name": "fslstatement",
            "tags": null,
            "timeouts": null
          },
          "sensitive_attributes": [],
          "private": "eyJlMmJmYjczMC1lY2FhLTExZTYtOGY4OC0zNDM2M2JjN2M0YzAiOnsiY3JlYXRlIjo1NDAwMDAwMDAwMDAwLCJkZWxldGUiOjU0MDAwMDAwMDAwMDAsInJlYWQiOjMwMDAwMDAwMDAwMCwidXBkYXRlIjo1NDAwMDAwMDAwMDAwfX0="
        }
      ]
    },
    {
      "mode": "managed",
      "type": "azurerm_storage_account",
      "name": "statement1",
      "provider": "provider[\"registry.terraform.io/hashicorp/azurerm\"]",
      "instances": [
        {
          "schema_version": 2,
          "attributes": {
            "access_tier": "Hot",
            "account_kind": "StorageV2",
            "account_replication_type": "GRS",
            "account_tier": "Standard",
            "allow_blob_public_access": false,
            "azure_files_authentication": [],
            "blob_properties": [
              {
                "change_feed_enabled": false,
                "container_delete_retention_policy": [],
                "cors_rule": [],
                "default_service_version": "",
                "delete_retention_policy": [],
                "last_access_time_enabled": false,
                "versioning_enabled": false
              }
            ],
            "custom_domain": [],
            "customer_managed_key": [],
            "enable_https_traffic_only": true,
            "id": "/subscriptions/8116c868-e802-4578-aa29-a800eba2f536/resourceGroups/fslstatement/providers/Microsoft.Storage/storageAccounts/fslstorageaccount",
            "identity": [],
            "infrastructure_encryption_enabled": false,
            "is_hns_enabled": false,
            "large_file_share_enabled": null,
            "location": "westeurope",
            "min_tls_version": "TLS1_0",
            "name": "fslstorageaccount",
            "network_rules": [
              {
                "bypass": [
                  "AzureServices"
                ],
                "default_action": "Allow",
                "ip_rules": [],
                "private_link_access": [],
                "virtual_network_subnet_ids": []
              }
            ],
            "nfsv3_enabled": false,
            "primary_access_key": "iGv339d4VYGV9T5RBzuumRoWfDwYlY11cbK2e0oWu8MQvXscLpqwDqG/rv9osGsRXjrqwkz7HomH+AStsEEz6w==",
            "primary_blob_connection_string": "DefaultEndpointsProtocol=https;BlobEndpoint=https://fslstorageaccount.blob.core.windows.net/;AccountName=fslstorageaccount;AccountKey=iGv339d4VYGV9T5RBzuumRoWfDwYlY11cbK2e0oWu8MQvXscLpqwDqG/rv9osGsRXjrqwkz7HomH+AStsEEz6w==",
            "primary_blob_endpoint": "https://fslstorageaccount.blob.core.windows.net/",
            "primary_blob_host": "fslstorageaccount.blob.core.windows.net",
            "primary_connection_string": "DefaultEndpointsProtocol=https;AccountName=fslstorageaccount;AccountKey=iGv339d4VYGV9T5RBzuumRoWfDwYlY11cbK2e0oWu8MQvXscLpqwDqG/rv9osGsRXjrqwkz7HomH+AStsEEz6w==;EndpointSuffix=core.windows.net",
            "primary_dfs_endpoint": "https://fslstorageaccount.dfs.core.windows.net/",
            "primary_dfs_host": "fslstorageaccount.dfs.core.windows.net",
            "primary_file_endpoint": "https://fslstorageaccount.file.core.windows.net/",
            "primary_file_host": "fslstorageaccount.file.core.windows.net",
            "primary_location": "westeurope",
            "primary_queue_endpoint": "https://fslstorageaccount.queue.core.windows.net/",
            "primary_queue_host": "fslstorageaccount.queue.core.windows.net",
            "primary_table_endpoint": "https://fslstorageaccount.table.core.windows.net/",
            "primary_table_host": "fslstorageaccount.table.core.windows.net",
            "primary_web_endpoint": "https://fslstorageaccount.z6.web.core.windows.net/",
            "primary_web_host": "fslstorageaccount.z6.web.core.windows.net",
            "queue_encryption_key_type": "Service",
            "queue_properties": [
              {
                "cors_rule": [],
                "hour_metrics": [
                  {
                    "enabled": true,
                    "include_apis": true,
                    "retention_policy_days": 7,
                    "version": "1.0"
                  }
                ],
                "logging": [
                  {
                    "delete": false,
                    "read": false,
                    "retention_policy_days": 0,
                    "version": "1.0",
                    "write": false
                  }
                ],
                "minute_metrics": [
                  {
                    "enabled": false,
                    "include_apis": false,
                    "retention_policy_days": 0,
                    "version": "1.0"
                  }
                ]
              }
            ],
            "resource_group_name": "fslstatement",
            "routing": [],
            "secondary_access_key": "fGpZ2ysQZU1f1LbxWPgaP7CC9H0PsNmac1Q3DV0shjOVSAJpld5gxzSztfALtJUwr0x9OqPxPMgs+AStW2f7ug==",
            "secondary_blob_connection_string": "",
            "secondary_blob_endpoint": null,
            "secondary_blob_host": null,
            "secondary_connection_string": "DefaultEndpointsProtocol=https;AccountName=fslstorageaccount;AccountKey=fGpZ2ysQZU1f1LbxWPgaP7CC9H0PsNmac1Q3DV0shjOVSAJpld5gxzSztfALtJUwr0x9OqPxPMgs+AStW2f7ug==;EndpointSuffix=core.windows.net",
            "secondary_dfs_endpoint": null,
            "secondary_dfs_host": null,
            "secondary_file_endpoint": null,
            "secondary_file_host": null,
            "secondary_location": "northeurope",
            "secondary_queue_endpoint": null,
            "secondary_queue_host": null,
            "secondary_table_endpoint": null,
            "secondary_table_host": null,
            "secondary_web_endpoint": null,
            "secondary_web_host": null,
            "share_properties": [
              {
                "cors_rule": [],
                "retention_policy": [
                  {
                    "days": 7
                  }
                ],
                "smb": []
              }
            ],
            "shared_access_key_enabled": true,
            "static_website": [],
            "table_encryption_key_type": "Service",
            "tags": {
              "environment": "staging"
            },
            "timeouts": null
          },
          "sensitive_attributes": [],
          "private": "eyJlMmJmYjczMC1lY2FhLTExZTYtOGY4OC0zNDM2M2JjN2M0YzAiOnsiY3JlYXRlIjozNjAwMDAwMDAwMDAwLCJkZWxldGUiOjM2MDAwMDAwMDAwMDAsInJlYWQiOjMwMDAwMDAwMDAwMCwidXBkYXRlIjozNjAwMDAwMDAwMDAwfSwic2NoZW1hX3ZlcnNpb24iOiIyIn0=",
          "dependencies": [
            "azurerm_resource_group.statement1"
          ]
        }
      ]
    }
  ],
  "check_results": null
}
